// !$*UTF8*$!
{
	archiveVersion = 1;
	classes = {
	};
	objectVersion = 46;
	objects = {

/* Begin PBXBuildFile section */
		B810C6831EDF2028007F7EFE /* main.c in Sources */ = {isa = PBXBuildFile; fileRef = B810C6821EDF2028007F7EFE /* main.c */; };
		B82958AA219DCB7600FC4D4A /* main.c in Sources */ = {isa = PBXBuildFile; fileRef = B82958A9219DCB7600FC4D4A /* main.c */; };
		B83D2F23212B19D10059E99D /* main.c in Sources */ = {isa = PBXBuildFile; fileRef = B83D2F22212B19D10059E99D /* main.c */; };
		B85731751EF66878005F2C45 /* main.c in Sources */ = {isa = PBXBuildFile; fileRef = B85731741EF66878005F2C45 /* main.c */; };
		B86927B9210CB0E20066C2CF /* main.c in Sources */ = {isa = PBXBuildFile; fileRef = B86927B8210CB0E20066C2CF /* main.c */; };
		B892055D1FA2241B0051B1E5 /* main.c in Sources */ = {isa = PBXBuildFile; fileRef = B892055C1FA2241B0051B1E5 /* main.c */; };
		B89205681FA22F870051B1E5 /* main.c in Sources */ = {isa = PBXBuildFile; fileRef = B89205671FA22F870051B1E5 /* main.c */; };
		B89205731FA23C140051B1E5 /* main.c in Sources */ = {isa = PBXBuildFile; fileRef = B89205721FA23C140051B1E5 /* main.c */; };
		B89205791FA366AB0051B1E5 /* curr_time.c in Sources */ = {isa = PBXBuildFile; fileRef = B89205781FA366AB0051B1E5 /* curr_time.c */; };
		B892057C1FA36C610051B1E5 /* get_num.c in Sources */ = {isa = PBXBuildFile; fileRef = B892057B1FA36C610051B1E5 /* get_num.c */; };
		B8A912AA1FCDB2090069D7EB /* main.c in Sources */ = {isa = PBXBuildFile; fileRef = B8A912A91FCDB2090069D7EB /* main.c */; };
		B8CD15061FB362520058B1D0 /* main.c in Sources */ = {isa = PBXBuildFile; fileRef = B8CD15051FB362520058B1D0 /* main.c */; };
/* End PBXBuildFile section */

/* Begin PBXCopyFilesBuildPhase section */
		B810C67D1EDF2028007F7EFE /* CopyFiles */ = {
			isa = PBXCopyFilesBuildPhase;
			buildActionMask = 2147483647;
			dstPath = /usr/share/man/man1/;
			dstSubfolderSpec = 0;
			files = (
			);
			runOnlyForDeploymentPostprocessing = 1;
		};
		B829589A219DCB5000FC4D4A /* CopyFiles */ = {
			isa = PBXCopyFilesBuildPhase;
			buildActionMask = 2147483647;
			dstPath = /usr/share/man/man1/;
			dstSubfolderSpec = 0;
			files = (
			);
			runOnlyForDeploymentPostprocessing = 1;
		};
		B82958A5219DCB7600FC4D4A /* CopyFiles */ = {
			isa = PBXCopyFilesBuildPhase;
			buildActionMask = 2147483647;
			dstPath = /usr/share/man/man1/;
			dstSubfolderSpec = 0;
			files = (
			);
			runOnlyForDeploymentPostprocessing = 1;
		};
		B83D2F19212B19AB0059E99D /* CopyFiles */ = {
			isa = PBXCopyFilesBuildPhase;
			buildActionMask = 2147483647;
			dstPath = /usr/share/man/man1/;
			dstSubfolderSpec = 0;
			files = (
			);
			runOnlyForDeploymentPostprocessing = 1;
		};
		B85731701EF66878005F2C45 /* CopyFiles */ = {
			isa = PBXCopyFilesBuildPhase;
			buildActionMask = 2147483647;
			dstPath = /usr/share/man/man1/;
			dstSubfolderSpec = 0;
			files = (
			);
			runOnlyForDeploymentPostprocessing = 1;
		};
		B86927AF210CB0BE0066C2CF /* CopyFiles */ = {
			isa = PBXCopyFilesBuildPhase;
			buildActionMask = 2147483647;
			dstPath = /usr/share/man/man1/;
			dstSubfolderSpec = 0;
			files = (
			);
			runOnlyForDeploymentPostprocessing = 1;
		};
		B89205581FA2241B0051B1E5 /* CopyFiles */ = {
			isa = PBXCopyFilesBuildPhase;
			buildActionMask = 2147483647;
			dstPath = /usr/share/man/man1/;
			dstSubfolderSpec = 0;
			files = (
			);
			runOnlyForDeploymentPostprocessing = 1;
		};
		B89205631FA22F870051B1E5 /* CopyFiles */ = {
			isa = PBXCopyFilesBuildPhase;
			buildActionMask = 2147483647;
			dstPath = /usr/share/man/man1/;
			dstSubfolderSpec = 0;
			files = (
			);
			runOnlyForDeploymentPostprocessing = 1;
		};
		B892056E1FA23C140051B1E5 /* CopyFiles */ = {
			isa = PBXCopyFilesBuildPhase;
			buildActionMask = 2147483647;
			dstPath = /usr/share/man/man1/;
			dstSubfolderSpec = 0;
			files = (
			);
			runOnlyForDeploymentPostprocessing = 1;
		};
		B8A912A51FCDB2080069D7EB /* CopyFiles */ = {
			isa = PBXCopyFilesBuildPhase;
			buildActionMask = 2147483647;
			dstPath = /usr/share/man/man1/;
			dstSubfolderSpec = 0;
			files = (
			);
			runOnlyForDeploymentPostprocessing = 1;
		};
		B8CD14F61FB3621C0058B1D0 /* CopyFiles */ = {
			isa = PBXCopyFilesBuildPhase;
			buildActionMask = 2147483647;
			dstPath = /usr/share/man/man1/;
			dstSubfolderSpec = 0;
			files = (
			);
			runOnlyForDeploymentPostprocessing = 1;
		};
		B8CD15011FB362520058B1D0 /* CopyFiles */ = {
			isa = PBXCopyFilesBuildPhase;
			buildActionMask = 2147483647;
			dstPath = /usr/share/man/man1/;
			dstSubfolderSpec = 0;
			files = (
			);
			runOnlyForDeploymentPostprocessing = 1;
		};
/* End PBXCopyFilesBuildPhase section */

/* Begin PBXFileReference section */
		B810C67F1EDF2028007F7EFE /* QueueModel */ = {isa = PBXFileReference; explicitFileType = "compiled.mach-o.executable"; includeInIndex = 0; path = QueueModel; sourceTree = BUILT_PRODUCTS_DIR; };
		B810C6821EDF2028007F7EFE /* main.c */ = {isa = PBXFileReference; lastKnownFileType = sourcecode.c.c; path = main.c; sourceTree = "<group>"; };
		B829589C219DCB5000FC4D4A /* BaseFundation */ = {isa = PBXFileReference; explicitFileType = "compiled.mach-o.executable"; includeInIndex = 0; path = BaseFundation; sourceTree = BUILT_PRODUCTS_DIR; };
		B82958A7219DCB7600FC4D4A /* BaseFrameWork */ = {isa = PBXFileReference; explicitFileType = "compiled.mach-o.executable"; includeInIndex = 0; path = BaseFrameWork; sourceTree = BUILT_PRODUCTS_DIR; };
		B82958A9219DCB7600FC4D4A /* main.c */ = {isa = PBXFileReference; lastKnownFileType = sourcecode.c.c; path = main.c; sourceTree = "<group>"; };
		B83D2F1B212B19AB0059E99D /* AVFifoBuffer */ = {isa = PBXFileReference; explicitFileType = "compiled.mach-o.executable"; includeInIndex = 0; path = AVFifoBuffer; sourceTree = BUILT_PRODUCTS_DIR; };
		B83D2F22212B19D10059E99D /* main.c */ = {isa = PBXFileReference; lastKnownFileType = sourcecode.c.c; path = main.c; sourceTree = "<group>"; };
		B85731721EF66878005F2C45 /* LinkListMode */ = {isa = PBXFileReference; explicitFileType = "compiled.mach-o.executable"; includeInIndex = 0; path = LinkListMode; sourceTree = BUILT_PRODUCTS_DIR; };
		B85731741EF66878005F2C45 /* main.c */ = {isa = PBXFileReference; lastKnownFileType = sourcecode.c.c; path = main.c; sourceTree = "<group>"; };
		B86927B1210CB0BE0066C2CF /* memblock */ = {isa = PBXFileReference; explicitFileType = "compiled.mach-o.executable"; includeInIndex = 0; path = memblock; sourceTree = BUILT_PRODUCTS_DIR; };
		B86927B8210CB0E20066C2CF /* main.c */ = {isa = PBXFileReference; lastKnownFileType = sourcecode.c.c; path = main.c; sourceTree = "<group>"; };
		B892055A1FA2241B0051B1E5 /* IPC_msgq */ = {isa = PBXFileReference; explicitFileType = "compiled.mach-o.executable"; includeInIndex = 0; path = IPC_msgq; sourceTree = BUILT_PRODUCTS_DIR; };
		B892055C1FA2241B0051B1E5 /* main.c */ = {isa = PBXFileReference; lastKnownFileType = sourcecode.c.c; path = main.c; sourceTree = "<group>"; };
		B89205651FA22F870051B1E5 /* IPC_msgq_client */ = {isa = PBXFileReference; explicitFileType = "compiled.mach-o.executable"; includeInIndex = 0; path = IPC_msgq_client; sourceTree = BUILT_PRODUCTS_DIR; };
		B89205671FA22F870051B1E5 /* main.c */ = {isa = PBXFileReference; lastKnownFileType = sourcecode.c.c; path = main.c; sourceTree = "<group>"; };
		B89205701FA23C140051B1E5 /* IPC_Semaphore */ = {isa = PBXFileReference; explicitFileType = "compiled.mach-o.executable"; includeInIndex = 0; path = IPC_Semaphore; sourceTree = BUILT_PRODUCTS_DIR; };
		B89205721FA23C140051B1E5 /* main.c */ = {isa = PBXFileReference; lastKnownFileType = sourcecode.c.c; path = main.c; sourceTree = "<group>"; };
		B89205771FA366AB0051B1E5 /* curr_time.h */ = {isa = PBXFileReference; lastKnownFileType = sourcecode.c.h; path = curr_time.h; sourceTree = "<group>"; };
		B89205781FA366AB0051B1E5 /* curr_time.c */ = {isa = PBXFileReference; lastKnownFileType = sourcecode.c.c; path = curr_time.c; sourceTree = "<group>"; };
		B892057A1FA36C610051B1E5 /* get_num.h */ = {isa = PBXFileReference; lastKnownFileType = sourcecode.c.h; path = get_num.h; sourceTree = "<group>"; };
		B892057B1FA36C610051B1E5 /* get_num.c */ = {isa = PBXFileReference; lastKnownFileType = sourcecode.c.c; path = get_num.c; sourceTree = "<group>"; };
		B8A912A71FCDB2080069D7EB /* RingBuffer */ = {isa = PBXFileReference; explicitFileType = "compiled.mach-o.executable"; includeInIndex = 0; path = RingBuffer; sourceTree = BUILT_PRODUCTS_DIR; };
		B8A912A91FCDB2090069D7EB /* main.c */ = {isa = PBXFileReference; lastKnownFileType = sourcecode.c.c; path = main.c; sourceTree = "<group>"; };
		B8CD14F81FB3621C0058B1D0 /* IPC_ShareMemory */ = {isa = PBXFileReference; explicitFileType = "compiled.mach-o.executable"; includeInIndex = 0; path = IPC_ShareMemory; sourceTree = BUILT_PRODUCTS_DIR; };
		B8CD15031FB362520058B1D0 /* IPC_shareMemory */ = {isa = PBXFileReference; explicitFileType = "compiled.mach-o.executable"; includeInIndex = 0; path = IPC_shareMemory; sourceTree = BUILT_PRODUCTS_DIR; };
		B8CD15051FB362520058B1D0 /* main.c */ = {isa = PBXFileReference; lastKnownFileType = sourcecode.c.c; path = main.c; sourceTree = "<group>"; };
/* End PBXFileReference section */

/* Begin PBXFrameworksBuildPhase section */
		B810C67C1EDF2028007F7EFE /* Frameworks */ = {
			isa = PBXFrameworksBuildPhase;
			buildActionMask = 2147483647;
			files = (
			);
			runOnlyForDeploymentPostprocessing = 0;
		};
		B8295899219DCB5000FC4D4A /* Frameworks */ = {
			isa = PBXFrameworksBuildPhase;
			buildActionMask = 2147483647;
			files = (
			);
			runOnlyForDeploymentPostprocessing = 0;
		};
		B82958A4219DCB7600FC4D4A /* Frameworks */ = {
			isa = PBXFrameworksBuildPhase;
			buildActionMask = 2147483647;
			files = (
			);
			runOnlyForDeploymentPostprocessing = 0;
		};
		B83D2F18212B19AB0059E99D /* Frameworks */ = {
			isa = PBXFrameworksBuildPhase;
			buildActionMask = 2147483647;
			files = (
			);
			runOnlyForDeploymentPostprocessing = 0;
		};
		B857316F1EF66878005F2C45 /* Frameworks */ = {
			isa = PBXFrameworksBuildPhase;
			buildActionMask = 2147483647;
			files = (
			);
			runOnlyForDeploymentPostprocessing = 0;
		};
		B86927AE210CB0BE0066C2CF /* Frameworks */ = {
			isa = PBXFrameworksBuildPhase;
			buildActionMask = 2147483647;
			files = (
			);
			runOnlyForDeploymentPostprocessing = 0;
		};
		B89205571FA2241B0051B1E5 /* Frameworks */ = {
			isa = PBXFrameworksBuildPhase;
			buildActionMask = 2147483647;
			files = (
			);
			runOnlyForDeploymentPostprocessing = 0;
		};
		B89205621FA22F870051B1E5 /* Frameworks */ = {
			isa = PBXFrameworksBuildPhase;
			buildActionMask = 2147483647;
			files = (
			);
			runOnlyForDeploymentPostprocessing = 0;
		};
		B892056D1FA23C140051B1E5 /* Frameworks */ = {
			isa = PBXFrameworksBuildPhase;
			buildActionMask = 2147483647;
			files = (
			);
			runOnlyForDeploymentPostprocessing = 0;
		};
		B8A912A41FCDB2080069D7EB /* Frameworks */ = {
			isa = PBXFrameworksBuildPhase;
			buildActionMask = 2147483647;
			files = (
			);
			runOnlyForDeploymentPostprocessing = 0;
		};
		B8CD14F51FB3621C0058B1D0 /* Frameworks */ = {
			isa = PBXFrameworksBuildPhase;
			buildActionMask = 2147483647;
			files = (
			);
			runOnlyForDeploymentPostprocessing = 0;
		};
		B8CD15001FB362520058B1D0 /* Frameworks */ = {
			isa = PBXFrameworksBuildPhase;
			buildActionMask = 2147483647;
			files = (
			);
			runOnlyForDeploymentPostprocessing = 0;
		};
/* End PBXFrameworksBuildPhase section */

/* Begin PBXGroup section */
		B810C6761EDF2028007F7EFE = {
			isa = PBXGroup;
			children = (
				B810C6811EDF2028007F7EFE /* QueueModel */,
				B85731731EF66878005F2C45 /* LinkListMode */,
				B892055B1FA2241B0051B1E5 /* IPC_msgq */,
				B89205661FA22F870051B1E5 /* IPC_msgq_client */,
				B89205711FA23C140051B1E5 /* IPC_Semaphore */,
				B8CD15041FB362520058B1D0 /* IPC_shareMemory */,
				B8A912A81FCDB2090069D7EB /* RingBuffer */,
				B86927B2210CB0BE0066C2CF /* memblock */,
				B83D2F1C212B19AB0059E99D /* AVFifoBuffer */,
				B82958A8219DCB7600FC4D4A /* BaseFrameWork */,
				B810C6801EDF2028007F7EFE /* Products */,
			);
			sourceTree = "<group>";
		};
		B810C6801EDF2028007F7EFE /* Products */ = {
			isa = PBXGroup;
			children = (
				B810C67F1EDF2028007F7EFE /* QueueModel */,
				B85731721EF66878005F2C45 /* LinkListMode */,
				B892055A1FA2241B0051B1E5 /* IPC_msgq */,
				B89205651FA22F870051B1E5 /* IPC_msgq_client */,
				B89205701FA23C140051B1E5 /* IPC_Semaphore */,
				B8CD14F81FB3621C0058B1D0 /* IPC_ShareMemory */,
				B8CD15031FB362520058B1D0 /* IPC_shareMemory */,
				B8A912A71FCDB2080069D7EB /* RingBuffer */,
				B86927B1210CB0BE0066C2CF /* memblock */,
				B83D2F1B212B19AB0059E99D /* AVFifoBuffer */,
				B829589C219DCB5000FC4D4A /* BaseFundation */,
				B82958A7219DCB7600FC4D4A /* BaseFrameWork */,
			);
			name = Products;
			sourceTree = "<group>";
		};
		B810C6811EDF2028007F7EFE /* QueueModel */ = {
			isa = PBXGroup;
			children = (
				B810C6821EDF2028007F7EFE /* main.c */,
			);
			path = QueueModel;
			sourceTree = "<group>";
		};
		B82958A8219DCB7600FC4D4A /* BaseFrameWork */ = {
			isa = PBXGroup;
			children = (
				B82958A9219DCB7600FC4D4A /* main.c */,
			);
			path = BaseFrameWork;
			sourceTree = "<group>";
		};
		B83D2F1C212B19AB0059E99D /* AVFifoBuffer */ = {
			isa = PBXGroup;
			children = (
				B83D2F22212B19D10059E99D /* main.c */,
			);
			path = AVFifoBuffer;
			sourceTree = "<group>";
		};
		B85731731EF66878005F2C45 /* LinkListMode */ = {
			isa = PBXGroup;
			children = (
				B85731741EF66878005F2C45 /* main.c */,
			);
			path = LinkListMode;
			sourceTree = "<group>";
		};
		B86927B2210CB0BE0066C2CF /* memblock */ = {
			isa = PBXGroup;
			children = (
				B86927B8210CB0E20066C2CF /* main.c */,
			);
			path = memblock;
			sourceTree = "<group>";
		};
		B892055B1FA2241B0051B1E5 /* IPC_msgq */ = {
			isa = PBXGroup;
			children = (
				B892055C1FA2241B0051B1E5 /* main.c */,
			);
			path = IPC_msgq;
			sourceTree = "<group>";
		};
		B89205661FA22F870051B1E5 /* IPC_msgq_client */ = {
			isa = PBXGroup;
			children = (
				B89205671FA22F870051B1E5 /* main.c */,
			);
			path = IPC_msgq_client;
			sourceTree = "<group>";
		};
		B89205711FA23C140051B1E5 /* IPC_Semaphore */ = {
			isa = PBXGroup;
			children = (
				B89205721FA23C140051B1E5 /* main.c */,
				B89205771FA366AB0051B1E5 /* curr_time.h */,
				B89205781FA366AB0051B1E5 /* curr_time.c */,
				B892057A1FA36C610051B1E5 /* get_num.h */,
				B892057B1FA36C610051B1E5 /* get_num.c */,
			);
			path = IPC_Semaphore;
			sourceTree = "<group>";
		};
		B8A912A81FCDB2090069D7EB /* RingBuffer */ = {
			isa = PBXGroup;
			children = (
				B8A912A91FCDB2090069D7EB /* main.c */,
			);
			path = RingBuffer;
			sourceTree = "<group>";
		};
		B8CD15041FB362520058B1D0 /* IPC_shareMemory */ = {
			isa = PBXGroup;
			children = (
				B8CD15051FB362520058B1D0 /* main.c */,
			);
			path = IPC_shareMemory;
			sourceTree = "<group>";
		};
/* End PBXGroup section */

/* Begin PBXNativeTarget section */
		B810C67E1EDF2028007F7EFE /* QueueModel */ = {
			isa = PBXNativeTarget;
			buildConfigurationList = B810C6861EDF2028007F7EFE /* Build configuration list for PBXNativeTarget "QueueModel" */;
			buildPhases = (
				B810C67B1EDF2028007F7EFE /* Sources */,
				B810C67C1EDF2028007F7EFE /* Frameworks */,
				B810C67D1EDF2028007F7EFE /* CopyFiles */,
			);
			buildRules = (
			);
			dependencies = (
			);
			name = QueueModel;
			productName = QueueModel;
			productReference = B810C67F1EDF2028007F7EFE /* QueueModel */;
			productType = "com.apple.product-type.tool";
		};
		B829589B219DCB5000FC4D4A /* BaseFundation */ = {
			isa = PBXNativeTarget;
			buildConfigurationList = B82958A2219DCB5000FC4D4A /* Build configuration list for PBXNativeTarget "BaseFundation" */;
			buildPhases = (
				B8295898219DCB5000FC4D4A /* Sources */,
				B8295899219DCB5000FC4D4A /* Frameworks */,
				B829589A219DCB5000FC4D4A /* CopyFiles */,
			);
			buildRules = (
			);
			dependencies = (
			);
			name = BaseFundation;
			productName = BaseFundation;
			productReference = B829589C219DCB5000FC4D4A /* BaseFundation */;
			productType = "com.apple.product-type.tool";
		};
		B82958A6219DCB7600FC4D4A /* BaseFrameWork */ = {
			isa = PBXNativeTarget;
			buildConfigurationList = B82958AB219DCB7600FC4D4A /* Build configuration list for PBXNativeTarget "BaseFrameWork" */;
			buildPhases = (
				B82958A3219DCB7600FC4D4A /* Sources */,
				B82958A4219DCB7600FC4D4A /* Frameworks */,
				B82958A5219DCB7600FC4D4A /* CopyFiles */,
			);
			buildRules = (
			);
			dependencies = (
			);
			name = BaseFrameWork;
			productName = BaseFrameWork;
			productReference = B82958A7219DCB7600FC4D4A /* BaseFrameWork */;
			productType = "com.apple.product-type.tool";
		};
		B83D2F1A212B19AB0059E99D /* AVFifoBuffer */ = {
			isa = PBXNativeTarget;
			buildConfigurationList = B83D2F21212B19AB0059E99D /* Build configuration list for PBXNativeTarget "AVFifoBuffer" */;
			buildPhases = (
				B83D2F17212B19AB0059E99D /* Sources */,
				B83D2F18212B19AB0059E99D /* Frameworks */,
				B83D2F19212B19AB0059E99D /* CopyFiles */,
			);
			buildRules = (
			);
			dependencies = (
			);
			name = AVFifoBuffer;
			productName = AVFifoBuffer;
			productReference = B83D2F1B212B19AB0059E99D /* AVFifoBuffer */;
			productType = "com.apple.product-type.tool";
		};
		B85731711EF66878005F2C45 /* LinkListMode */ = {
			isa = PBXNativeTarget;
			buildConfigurationList = B85731781EF66878005F2C45 /* Build configuration list for PBXNativeTarget "LinkListMode" */;
			buildPhases = (
				B857316E1EF66878005F2C45 /* Sources */,
				B857316F1EF66878005F2C45 /* Frameworks */,
				B85731701EF66878005F2C45 /* CopyFiles */,
			);
			buildRules = (
			);
			dependencies = (
			);
			name = LinkListMode;
			productName = LinkListMode;
			productReference = B85731721EF66878005F2C45 /* LinkListMode */;
			productType = "com.apple.product-type.tool";
		};
		B86927B0210CB0BE0066C2CF /* memblock */ = {
			isa = PBXNativeTarget;
			buildConfigurationList = B86927B7210CB0BE0066C2CF /* Build configuration list for PBXNativeTarget "memblock" */;
			buildPhases = (
				B86927AD210CB0BE0066C2CF /* Sources */,
				B86927AE210CB0BE0066C2CF /* Frameworks */,
				B86927AF210CB0BE0066C2CF /* CopyFiles */,
			);
			buildRules = (
			);
			dependencies = (
			);
			name = memblock;
			productName = memblock;
			productReference = B86927B1210CB0BE0066C2CF /* memblock */;
			productType = "com.apple.product-type.tool";
		};
		B89205591FA2241B0051B1E5 /* IPC_msgq */ = {
			isa = PBXNativeTarget;
			buildConfigurationList = B89205601FA2241B0051B1E5 /* Build configuration list for PBXNativeTarget "IPC_msgq" */;
			buildPhases = (
				B89205561FA2241B0051B1E5 /* Sources */,
				B89205571FA2241B0051B1E5 /* Frameworks */,
				B89205581FA2241B0051B1E5 /* CopyFiles */,
			);
			buildRules = (
			);
			dependencies = (
			);
			name = IPC_msgq;
			productName = IPC_msgq;
			productReference = B892055A1FA2241B0051B1E5 /* IPC_msgq */;
			productType = "com.apple.product-type.tool";
		};
		B89205641FA22F870051B1E5 /* IPC_msgq_client */ = {
			isa = PBXNativeTarget;
			buildConfigurationList = B89205691FA22F870051B1E5 /* Build configuration list for PBXNativeTarget "IPC_msgq_client" */;
			buildPhases = (
				B89205611FA22F870051B1E5 /* Sources */,
				B89205621FA22F870051B1E5 /* Frameworks */,
				B89205631FA22F870051B1E5 /* CopyFiles */,
			);
			buildRules = (
			);
			dependencies = (
			);
			name = IPC_msgq_client;
			productName = IPC_msgq_client;
			productReference = B89205651FA22F870051B1E5 /* IPC_msgq_client */;
			productType = "com.apple.product-type.tool";
		};
		B892056F1FA23C140051B1E5 /* IPC_Semaphore */ = {
			isa = PBXNativeTarget;
			buildConfigurationList = B89205741FA23C140051B1E5 /* Build configuration list for PBXNativeTarget "IPC_Semaphore" */;
			buildPhases = (
				B892056C1FA23C140051B1E5 /* Sources */,
				B892056D1FA23C140051B1E5 /* Frameworks */,
				B892056E1FA23C140051B1E5 /* CopyFiles */,
			);
			buildRules = (
			);
			dependencies = (
			);
			name = IPC_Semaphore;
			productName = IPC_Semaphore;
			productReference = B89205701FA23C140051B1E5 /* IPC_Semaphore */;
			productType = "com.apple.product-type.tool";
		};
		B8A912A61FCDB2080069D7EB /* RingBuffer */ = {
			isa = PBXNativeTarget;
			buildConfigurationList = B8A912AD1FCDB2090069D7EB /* Build configuration list for PBXNativeTarget "RingBuffer" */;
			buildPhases = (
				B8A912A31FCDB2080069D7EB /* Sources */,
				B8A912A41FCDB2080069D7EB /* Frameworks */,
				B8A912A51FCDB2080069D7EB /* CopyFiles */,
			);
			buildRules = (
			);
			dependencies = (
			);
			name = RingBuffer;
			productName = RingBuffer;
			productReference = B8A912A71FCDB2080069D7EB /* RingBuffer */;
			productType = "com.apple.product-type.tool";
		};
		B8CD14F71FB3621C0058B1D0 /* IPC_ShareMemory */ = {
			isa = PBXNativeTarget;
			buildConfigurationList = B8CD14FE1FB3621C0058B1D0 /* Build configuration list for PBXNativeTarget "IPC_ShareMemory" */;
			buildPhases = (
				B8CD14F41FB3621C0058B1D0 /* Sources */,
				B8CD14F51FB3621C0058B1D0 /* Frameworks */,
				B8CD14F61FB3621C0058B1D0 /* CopyFiles */,
			);
			buildRules = (
			);
			dependencies = (
			);
			name = IPC_ShareMemory;
			productName = IPC_ShareMemory;
			productReference = B8CD14F81FB3621C0058B1D0 /* IPC_ShareMemory */;
			productType = "com.apple.product-type.tool";
		};
		B8CD15021FB362520058B1D0 /* IPC_shareMemory */ = {
			isa = PBXNativeTarget;
			buildConfigurationList = B8CD15071FB362520058B1D0 /* Build configuration list for PBXNativeTarget "IPC_shareMemory" */;
			buildPhases = (
				B8CD14FF1FB362520058B1D0 /* Sources */,
				B8CD15001FB362520058B1D0 /* Frameworks */,
				B8CD15011FB362520058B1D0 /* CopyFiles */,
			);
			buildRules = (
			);
			dependencies = (
			);
			name = IPC_shareMemory;
			productName = IPC_shareMemory;
			productReference = B8CD15031FB362520058B1D0 /* IPC_shareMemory */;
			productType = "com.apple.product-type.tool";
		};
/* End PBXNativeTarget section */

/* Begin PBXProject section */
		B810C6771EDF2028007F7EFE /* Project object */ = {
			isa = PBXProject;
			attributes = {
				LastSwiftUpdateCheck = 1010;
				LastUpgradeCheck = 0830;
				ORGANIZATIONNAME = YouHuaPei;
				TargetAttributes = {
					B810C67E1EDF2028007F7EFE = {
						CreatedOnToolsVersion = 8.3.2;
						ProvisioningStyle = Automatic;
					};
					B829589B219DCB5000FC4D4A = {
						CreatedOnToolsVersion = 10.1;
						ProvisioningStyle = Automatic;
					};
					B82958A6219DCB7600FC4D4A = {
						CreatedOnToolsVersion = 10.1;
						ProvisioningStyle = Automatic;
					};
					B83D2F1A212B19AB0059E99D = {
						CreatedOnToolsVersion = 9.4.1;
						ProvisioningStyle = Automatic;
					};
					B85731711EF66878005F2C45 = {
						CreatedOnToolsVersion = 8.3.3;
						ProvisioningStyle = Automatic;
					};
					B86927B0210CB0BE0066C2CF = {
						CreatedOnToolsVersion = 9.4.1;
						ProvisioningStyle = Automatic;
					};
					B89205591FA2241B0051B1E5 = {
						CreatedOnToolsVersion = 9.0.1;
						ProvisioningStyle = Automatic;
					};
					B89205641FA22F870051B1E5 = {
						CreatedOnToolsVersion = 9.0.1;
						ProvisioningStyle = Automatic;
					};
					B892056F1FA23C140051B1E5 = {
						CreatedOnToolsVersion = 9.0.1;
						ProvisioningStyle = Automatic;
					};
					B8A912A61FCDB2080069D7EB = {
						CreatedOnToolsVersion = 9.1;
						ProvisioningStyle = Automatic;
					};
					B8CD14F71FB3621C0058B1D0 = {
						CreatedOnToolsVersion = 9.1;
						ProvisioningStyle = Automatic;
					};
					B8CD15021FB362520058B1D0 = {
						CreatedOnToolsVersion = 9.1;
						ProvisioningStyle = Automatic;
					};
				};
			};
			buildConfigurationList = B810C67A1EDF2028007F7EFE /* Build configuration list for PBXProject "QueueModel" */;
			compatibilityVersion = "Xcode 3.2";
			developmentRegion = English;
			hasScannedForEncodings = 0;
			knownRegions = (
				en,
			);
			mainGroup = B810C6761EDF2028007F7EFE;
			productRefGroup = B810C6801EDF2028007F7EFE /* Products */;
			projectDirPath = "";
			projectRoot = "";
			targets = (
				B810C67E1EDF2028007F7EFE /* QueueModel */,
				B85731711EF66878005F2C45 /* LinkListMode */,
				B89205591FA2241B0051B1E5 /* IPC_msgq */,
				B89205641FA22F870051B1E5 /* IPC_msgq_client */,
				B892056F1FA23C140051B1E5 /* IPC_Semaphore */,
				B8CD14F71FB3621C0058B1D0 /* IPC_ShareMemory */,
				B8CD15021FB362520058B1D0 /* IPC_shareMemory */,
				B8A912A61FCDB2080069D7EB /* RingBuffer */,
				B86927B0210CB0BE0066C2CF /* memblock */,
				B83D2F1A212B19AB0059E99D /* AVFifoBuffer */,
				B829589B219DCB5000FC4D4A /* BaseFundation */,
				B82958A6219DCB7600FC4D4A /* BaseFrameWork */,
			);
		};
/* End PBXProject section */

/* Begin PBXSourcesBuildPhase section */
		B810C67B1EDF2028007F7EFE /* Sources */ = {
			isa = PBXSourcesBuildPhase;
			buildActionMask = 2147483647;
			files = (
				B810C6831EDF2028007F7EFE /* main.c in Sources */,
			);
			runOnlyForDeploymentPostprocessing = 0;
		};
		B8295898219DCB5000FC4D4A /* Sources */ = {
			isa = PBXSourcesBuildPhase;
			buildActionMask = 2147483647;
			files = (
			);
			runOnlyForDeploymentPostprocessing = 0;
		};
		B82958A3219DCB7600FC4D4A /* Sources */ = {
			isa = PBXSourcesBuildPhase;
			buildActionMask = 2147483647;
			files = (
				B82958AA219DCB7600FC4D4A /* main.c in Sources */,
			);
			runOnlyForDeploymentPostprocessing = 0;
		};
		B83D2F17212B19AB0059E99D /* Sources */ = {
			isa = PBXSourcesBuildPhase;
			buildActionMask = 2147483647;
			files = (
				B83D2F23212B19D10059E99D /* main.c in Sources */,
			);
			runOnlyForDeploymentPostprocessing = 0;
		};
		B857316E1EF66878005F2C45 /* Sources */ = {
			isa = PBXSourcesBuildPhase;
			buildActionMask = 2147483647;
			files = (
				B85731751EF66878005F2C45 /* main.c in Sources */,
			);
			runOnlyForDeploymentPostprocessing = 0;
		};
		B86927AD210CB0BE0066C2CF /* Sources */ = {
			isa = PBXSourcesBuildPhase;
			buildActionMask = 2147483647;
			files = (
				B86927B9210CB0E20066C2CF /* main.c in Sources */,
			);
			runOnlyForDeploymentPostprocessing = 0;
		};
		B89205561FA2241B0051B1E5 /* Sources */ = {
			isa = PBXSourcesBuildPhase;
			buildActionMask = 2147483647;
			files = (
				B892055D1FA2241B0051B1E5 /* main.c in Sources */,
			);
			runOnlyForDeploymentPostprocessing = 0;
		};
		B89205611FA22F870051B1E5 /* Sources */ = {
			isa = PBXSourcesBuildPhase;
			buildActionMask = 2147483647;
			files = (
				B89205681FA22F870051B1E5 /* main.c in Sources */,
			);
			runOnlyForDeploymentPostprocessing = 0;
		};
		B892056C1FA23C140051B1E5 /* Sources */ = {
			isa = PBXSourcesBuildPhase;
			buildActionMask = 2147483647;
			files = (
				B89205791FA366AB0051B1E5 /* curr_time.c in Sources */,
				B892057C1FA36C610051B1E5 /* get_num.c in Sources */,
				B89205731FA23C140051B1E5 /* main.c in Sources */,
			);
			runOnlyForDeploymentPostprocessing = 0;
		};
		B8A912A31FCDB2080069D7EB /* Sources */ = {
			isa = PBXSourcesBuildPhase;
			buildActionMask = 2147483647;
			files = (
				B8A912AA1FCDB2090069D7EB /* main.c in Sources */,
			);
			runOnlyForDeploymentPostprocessing = 0;
		};
		B8CD14F41FB3621C0058B1D0 /* Sources */ = {
			isa = PBXSourcesBuildPhase;
			buildActionMask = 2147483647;
			files = (
			);
			runOnlyForDeploymentPostprocessing = 0;
		};
		B8CD14FF1FB362520058B1D0 /* Sources */ = {
			isa = PBXSourcesBuildPhase;
			buildActionMask = 2147483647;
			files = (
				B8CD15061FB362520058B1D0 /* main.c in Sources */,
			);
			runOnlyForDeploymentPostprocessing = 0;
		};
/* End PBXSourcesBuildPhase section */

/* Begin XCBuildConfiguration section */
		B810C6841EDF2028007F7EFE /* Debug */ = {
			isa = XCBuildConfiguration;
			buildSettings = {
				ALWAYS_SEARCH_USER_PATHS = NO;
				CLANG_ANALYZER_NONNULL = YES;
				CLANG_ANALYZER_NUMBER_OBJECT_CONVERSION = YES_AGGRESSIVE;
				CLANG_CXX_LANGUAGE_STANDARD = "gnu++0x";
				CLANG_CXX_LIBRARY = "libc++";
				CLANG_ENABLE_MODULES = YES;
				CLANG_ENABLE_OBJC_ARC = YES;
				CLANG_WARN_BOOL_CONVERSION = YES;
				CLANG_WARN_CONSTANT_CONVERSION = YES;
				CLANG_WARN_DIRECT_OBJC_ISA_USAGE = YES_ERROR;
				CLANG_WARN_DOCUMENTATION_COMMENTS = YES;
				CLANG_WARN_EMPTY_BODY = YES;
				CLANG_WARN_ENUM_CONVERSION = YES;
				CLANG_WARN_INFINITE_RECURSION = YES;
				CLANG_WARN_INT_CONVERSION = YES;
				CLANG_WARN_OBJC_ROOT_CLASS = YES_ERROR;
				CLANG_WARN_SUSPICIOUS_MOVE = YES;
				CLANG_WARN_UNREACHABLE_CODE = YES;
				CLANG_WARN__DUPLICATE_METHOD_MATCH = YES;
				CODE_SIGN_IDENTITY = "-";
				COPY_PHASE_STRIP = NO;
				DEBUG_INFORMATION_FORMAT = dwarf;
				ENABLE_STRICT_OBJC_MSGSEND = YES;
				ENABLE_TESTABILITY = YES;
				GCC_C_LANGUAGE_STANDARD = gnu99;
				GCC_DYNAMIC_NO_PIC = NO;
				GCC_NO_COMMON_BLOCKS = YES;
				GCC_OPTIMIZATION_LEVEL = 0;
				GCC_PREPROCESSOR_DEFINITIONS = (
					"DEBUG=1",
					"$(inherited)",
				);
				GCC_WARN_64_TO_32_BIT_CONVERSION = YES;
				GCC_WARN_ABOUT_RETURN_TYPE = YES_ERROR;
				GCC_WARN_UNDECLARED_SELECTOR = YES;
				GCC_WARN_UNINITIALIZED_AUTOS = YES_AGGRESSIVE;
				GCC_WARN_UNUSED_FUNCTION = YES;
				GCC_WARN_UNUSED_VARIABLE = YES;
				MACOSX_DEPLOYMENT_TARGET = 10.12;
				MTL_ENABLE_DEBUG_INFO = YES;
				ONLY_ACTIVE_ARCH = YES;
				SDKROOT = macosx;
			};
			name = Debug;
		};
		B810C6851EDF2028007F7EFE /* Release */ = {
			isa = XCBuildConfiguration;
			buildSettings = {
				ALWAYS_SEARCH_USER_PATHS = NO;
				CLANG_ANALYZER_NONNULL = YES;
				CLANG_ANALYZER_NUMBER_OBJECT_CONVERSION = YES_AGGRESSIVE;
				CLANG_CXX_LANGUAGE_STANDARD = "gnu++0x";
				CLANG_CXX_LIBRARY = "libc++";
				CLANG_ENABLE_MODULES = YES;
				CLANG_ENABLE_OBJC_ARC = YES;
				CLANG_WARN_BOOL_CONVERSION = YES;
				CLANG_WARN_CONSTANT_CONVERSION = YES;
				CLANG_WARN_DIRECT_OBJC_ISA_USAGE = YES_ERROR;
				CLANG_WARN_DOCUMENTATION_COMMENTS = YES;
				CLANG_WARN_EMPTY_BODY = YES;
				CLANG_WARN_ENUM_CONVERSION = YES;
				CLANG_WARN_INFINITE_RECURSION = YES;
				CLANG_WARN_INT_CONVERSION = YES;
				CLANG_WARN_OBJC_ROOT_CLASS = YES_ERROR;
				CLANG_WARN_SUSPICIOUS_MOVE = YES;
				CLANG_WARN_UNREACHABLE_CODE = YES;
				CLANG_WARN__DUPLICATE_METHOD_MATCH = YES;
				CODE_SIGN_IDENTITY = "-";
				COPY_PHASE_STRIP = NO;
				DEBUG_INFORMATION_FORMAT = "dwarf-with-dsym";
				ENABLE_NS_ASSERTIONS = NO;
				ENABLE_STRICT_OBJC_MSGSEND = YES;
				GCC_C_LANGUAGE_STANDARD = gnu99;
				GCC_NO_COMMON_BLOCKS = YES;
				GCC_WARN_64_TO_32_BIT_CONVERSION = YES;
				GCC_WARN_ABOUT_RETURN_TYPE = YES_ERROR;
				GCC_WARN_UNDECLARED_SELECTOR = YES;
				GCC_WARN_UNINITIALIZED_AUTOS = YES_AGGRESSIVE;
				GCC_WARN_UNUSED_FUNCTION = YES;
				GCC_WARN_UNUSED_VARIABLE = YES;
				MACOSX_DEPLOYMENT_TARGET = 10.12;
				MTL_ENABLE_DEBUG_INFO = NO;
				SDKROOT = macosx;
			};
			name = Release;
		};
		B810C6871EDF2028007F7EFE /* Debug */ = {
			isa = XCBuildConfiguration;
			buildSettings = {
				PRODUCT_NAME = "$(TARGET_NAME)";
			};
			name = Debug;
		};
		B810C6881EDF2028007F7EFE /* Release */ = {
			isa = XCBuildConfiguration;
			buildSettings = {
				PRODUCT_NAME = "$(TARGET_NAME)";
			};
			name = Release;
		};
		B82958A0219DCB5000FC4D4A /* Debug */ = {
			isa = XCBuildConfiguration;
			buildSettings = {
				CLANG_CXX_LANGUAGE_STANDARD = "gnu++14";
				CLANG_ENABLE_OBJC_WEAK = YES;
				CLANG_WARN_BLOCK_CAPTURE_AUTORELEASING = YES;
				CLANG_WARN_COMMA = YES;
				CLANG_WARN_DEPRECATED_OBJC_IMPLEMENTATIONS = YES;
				CLANG_WARN_NON_LITERAL_NULL_CONVERSION = YES;
				CLANG_WARN_OBJC_IMPLICIT_RETAIN_SELF = YES;
				CLANG_WARN_OBJC_LITERAL_CONVERSION = YES;
				CLANG_WARN_RANGE_LOOP_ANALYSIS = YES;
				CLANG_WARN_STRICT_PROTOTYPES = YES;
				CLANG_WARN_UNGUARDED_AVAILABILITY = YES_AGGRESSIVE;
				CODE_SIGN_STYLE = Automatic;
				GCC_C_LANGUAGE_STANDARD = gnu11;
				MACOSX_DEPLOYMENT_TARGET = 10.14;
				MTL_ENABLE_DEBUG_INFO = INCLUDE_SOURCE;
				MTL_FAST_MATH = YES;
				PRODUCT_NAME = "$(TARGET_NAME)";
				SWIFT_ACTIVE_COMPILATION_CONDITIONS = DEBUG;
				SWIFT_OPTIMIZATION_LEVEL = "-Onone";
				SWIFT_VERSION = 4.2;
			};
			name = Debug;
		};
		B82958A1219DCB5000FC4D4A /* Release */ = {
			isa = XCBuildConfiguration;
			buildSettings = {
				CLANG_CXX_LANGUAGE_STANDARD = "gnu++14";
				CLANG_ENABLE_OBJC_WEAK = YES;
				CLANG_WARN_BLOCK_CAPTURE_AUTORELEASING = YES;
				CLANG_WARN_COMMA = YES;
				CLANG_WARN_DEPRECATED_OBJC_IMPLEMENTATIONS = YES;
				CLANG_WARN_NON_LITERAL_NULL_CONVERSION = YES;
				CLANG_WARN_OBJC_IMPLICIT_RETAIN_SELF = YES;
				CLANG_WARN_OBJC_LITERAL_CONVERSION = YES;
				CLANG_WARN_RANGE_LOOP_ANALYSIS = YES;
				CLANG_WARN_STRICT_PROTOTYPES = YES;
				CLANG_WARN_UNGUARDED_AVAILABILITY = YES_AGGRESSIVE;
				CODE_SIGN_STYLE = Automatic;
				GCC_C_LANGUAGE_STANDARD = gnu11;
				MACOSX_DEPLOYMENT_TARGET = 10.14;
				MTL_FAST_MATH = YES;
				PRODUCT_NAME = "$(TARGET_NAME)";
				SWIFT_OPTIMIZATION_LEVEL = "-Owholemodule";
				SWIFT_VERSION = 4.2;
			};
			name = Release;
		};
		B82958AC219DCB7600FC4D4A /* Debug */ = {
			isa = XCBuildConfiguration;
			buildSettings = {
				CLANG_CXX_LANGUAGE_STANDARD = "gnu++14";
				CLANG_ENABLE_OBJC_WEAK = YES;
				CLANG_WARN_BLOCK_CAPTURE_AUTORELEASING = YES;
				CLANG_WARN_COMMA = YES;
				CLANG_WARN_DEPRECATED_OBJC_IMPLEMENTATIONS = YES;
				CLANG_WARN_NON_LITERAL_NULL_CONVERSION = YES;
				CLANG_WARN_OBJC_IMPLICIT_RETAIN_SELF = YES;
				CLANG_WARN_OBJC_LITERAL_CONVERSION = YES;
				CLANG_WARN_RANGE_LOOP_ANALYSIS = YES;
				CLANG_WARN_STRICT_PROTOTYPES = YES;
				CLANG_WARN_UNGUARDED_AVAILABILITY = YES_AGGRESSIVE;
				CODE_SIGN_STYLE = Automatic;
				GCC_C_LANGUAGE_STANDARD = gnu11;
				MACOSX_DEPLOYMENT_TARGET = 10.14;
				MTL_ENABLE_DEBUG_INFO = INCLUDE_SOURCE;
				MTL_FAST_MATH = YES;
				PRODUCT_NAME = "$(TARGET_NAME)";
			};
			name = Debug;
		};
		B82958AD219DCB7600FC4D4A /* Release */ = {
			isa = XCBuildConfiguration;
			buildSettings = {
				CLANG_CXX_LANGUAGE_STANDARD = "gnu++14";
				CLANG_ENABLE_OBJC_WEAK = YES;
				CLANG_WARN_BLOCK_CAPTURE_AUTORELEASING = YES;
				CLANG_WARN_COMMA = YES;
				CLANG_WARN_DEPRECATED_OBJC_IMPLEMENTATIONS = YES;
				CLANG_WARN_NON_LITERAL_NULL_CONVERSION = YES;
				CLANG_WARN_OBJC_IMPLICIT_RETAIN_SELF = YES;
				CLANG_WARN_OBJC_LITERAL_CONVERSION = YES;
				CLANG_WARN_RANGE_LOOP_ANALYSIS = YES;
				CLANG_WARN_STRICT_PROTOTYPES = YES;
				CLANG_WARN_UNGUARDED_AVAILABILITY = YES_AGGRESSIVE;
				CODE_SIGN_STYLE = Automatic;
				GCC_C_LANGUAGE_STANDARD = gnu11;
				MACOSX_DEPLOYMENT_TARGET = 10.14;
				MTL_FAST_MATH = YES;
				PRODUCT_NAME = "$(TARGET_NAME)";
			};
			name = Release;
		};
		B83D2F1F212B19AB0059E99D /* Debug */ = {
			isa = XCBuildConfiguration;
			buildSettings = {
				CLANG_CXX_LANGUAGE_STANDARD = "gnu++14";
				CLANG_ENABLE_OBJC_WEAK = YES;
				CLANG_WARN_BLOCK_CAPTURE_AUTORELEASING = YES;
				CLANG_WARN_COMMA = YES;
				CLANG_WARN_DEPRECATED_OBJC_IMPLEMENTATIONS = YES;
				CLANG_WARN_NON_LITERAL_NULL_CONVERSION = YES;
				CLANG_WARN_OBJC_IMPLICIT_RETAIN_SELF = YES;
				CLANG_WARN_OBJC_LITERAL_CONVERSION = YES;
				CLANG_WARN_RANGE_LOOP_ANALYSIS = YES;
				CLANG_WARN_STRICT_PROTOTYPES = YES;
				CLANG_WARN_UNGUARDED_AVAILABILITY = YES_AGGRESSIVE;
				CODE_SIGN_STYLE = Automatic;
				GCC_C_LANGUAGE_STANDARD = gnu11;
				MACOSX_DEPLOYMENT_TARGET = 10.13;
				PRODUCT_NAME = "$(TARGET_NAME)";
				SWIFT_ACTIVE_COMPILATION_CONDITIONS = DEBUG;
				SWIFT_OPTIMIZATION_LEVEL = "-Onone";
				SWIFT_VERSION = 4.0;
			};
			name = Debug;
		};
		B83D2F20212B19AB0059E99D /* Release */ = {
			isa = XCBuildConfiguration;
			buildSettings = {
				CLANG_CXX_LANGUAGE_STANDARD = "gnu++14";
				CLANG_ENABLE_OBJC_WEAK = YES;
				CLANG_WARN_BLOCK_CAPTURE_AUTORELEASING = YES;
				CLANG_WARN_COMMA = YES;
				CLANG_WARN_DEPRECATED_OBJC_IMPLEMENTATIONS = YES;
				CLANG_WARN_NON_LITERAL_NULL_CONVERSION = YES;
				CLANG_WARN_OBJC_IMPLICIT_RETAIN_SELF = YES;
				CLANG_WARN_OBJC_LITERAL_CONVERSION = YES;
				CLANG_WARN_RANGE_LOOP_ANALYSIS = YES;
				CLANG_WARN_STRICT_PROTOTYPES = YES;
				CLANG_WARN_UNGUARDED_AVAILABILITY = YES_AGGRESSIVE;
				CODE_SIGN_STYLE = Automatic;
				GCC_C_LANGUAGE_STANDARD = gnu11;
				MACOSX_DEPLOYMENT_TARGET = 10.13;
				PRODUCT_NAME = "$(TARGET_NAME)";
				SWIFT_OPTIMIZATION_LEVEL = "-Owholemodule";
				SWIFT_VERSION = 4.0;
			};
			name = Release;
		};
		B85731761EF66878005F2C45 /* Debug */ = {
			isa = XCBuildConfiguration;
			buildSettings = {
				PRODUCT_NAME = "$(TARGET_NAME)";
			};
			name = Debug;
		};
		B85731771EF66878005F2C45 /* Release */ = {
			isa = XCBuildConfiguration;
			buildSettings = {
				PRODUCT_NAME = "$(TARGET_NAME)";
			};
			name = Release;
		};
		B86927B5210CB0BE0066C2CF /* Debug */ = {
			isa = XCBuildConfiguration;
			buildSettings = {
				CLANG_CXX_LANGUAGE_STANDARD = "gnu++14";
				CLANG_ENABLE_OBJC_WEAK = YES;
				CLANG_WARN_BLOCK_CAPTURE_AUTORELEASING = YES;
				CLANG_WARN_COMMA = YES;
				CLANG_WARN_DEPRECATED_OBJC_IMPLEMENTATIONS = YES;
				CLANG_WARN_NON_LITERAL_NULL_CONVERSION = YES;
				CLANG_WARN_OBJC_IMPLICIT_RETAIN_SELF = YES;
				CLANG_WARN_OBJC_LITERAL_CONVERSION = YES;
				CLANG_WARN_RANGE_LOOP_ANALYSIS = YES;
				CLANG_WARN_STRICT_PROTOTYPES = YES;
				CLANG_WARN_UNGUARDED_AVAILABILITY = YES_AGGRESSIVE;
				CODE_SIGN_STYLE = Automatic;
				GCC_C_LANGUAGE_STANDARD = gnu11;
				MACOSX_DEPLOYMENT_TARGET = 10.13;
				PRODUCT_NAME = "$(TARGET_NAME)";
				SWIFT_ACTIVE_COMPILATION_CONDITIONS = DEBUG;
				SWIFT_OPTIMIZATION_LEVEL = "-Onone";
				SWIFT_VERSION = 4.0;
			};
			name = Debug;
		};
		B86927B6210CB0BE0066C2CF /* Release */ = {
			isa = XCBuildConfiguration;
			buildSettings = {
				CLANG_CXX_LANGUAGE_STANDARD = "gnu++14";
				CLANG_ENABLE_OBJC_WEAK = YES;
				CLANG_WARN_BLOCK_CAPTURE_AUTORELEASING = YES;
				CLANG_WARN_COMMA = YES;
				CLANG_WARN_DEPRECATED_OBJC_IMPLEMENTATIONS = YES;
				CLANG_WARN_NON_LITERAL_NULL_CONVERSION = YES;
				CLANG_WARN_OBJC_IMPLICIT_RETAIN_SELF = YES;
				CLANG_WARN_OBJC_LITERAL_CONVERSION = YES;
				CLANG_WARN_RANGE_LOOP_ANALYSIS = YES;
				CLANG_WARN_STRICT_PROTOTYPES = YES;
				CLANG_WARN_UNGUARDED_AVAILABILITY = YES_AGGRESSIVE;
				CODE_SIGN_STYLE = Automatic;
				GCC_C_LANGUAGE_STANDARD = gnu11;
				MACOSX_DEPLOYMENT_TARGET = 10.13;
				PRODUCT_NAME = "$(TARGET_NAME)";
				SWIFT_OPTIMIZATION_LEVEL = "-Owholemodule";
				SWIFT_VERSION = 4.0;
			};
			name = Release;
		};
		B892055E1FA2241B0051B1E5 /* Debug */ = {
			isa = XCBuildConfiguration;
			buildSettings = {
				CLANG_CXX_LANGUAGE_STANDARD = "gnu++14";
				CLANG_WARN_BLOCK_CAPTURE_AUTORELEASING = YES;
				CLANG_WARN_COMMA = YES;
				CLANG_WARN_NON_LITERAL_NULL_CONVERSION = YES;
				CLANG_WARN_OBJC_LITERAL_CONVERSION = YES;
				CLANG_WARN_RANGE_LOOP_ANALYSIS = YES;
				CLANG_WARN_STRICT_PROTOTYPES = YES;
				CLANG_WARN_UNGUARDED_AVAILABILITY = YES_AGGRESSIVE;
				CODE_SIGN_STYLE = Automatic;
				GCC_C_LANGUAGE_STANDARD = gnu11;
				MACOSX_DEPLOYMENT_TARGET = 10.13;
				PRODUCT_NAME = "$(TARGET_NAME)";
			};
			name = Debug;
		};
		B892055F1FA2241B0051B1E5 /* Release */ = {
			isa = XCBuildConfiguration;
			buildSettings = {
				CLANG_CXX_LANGUAGE_STANDARD = "gnu++14";
				CLANG_WARN_BLOCK_CAPTURE_AUTORELEASING = YES;
				CLANG_WARN_COMMA = YES;
				CLANG_WARN_NON_LITERAL_NULL_CONVERSION = YES;
				CLANG_WARN_OBJC_LITERAL_CONVERSION = YES;
				CLANG_WARN_RANGE_LOOP_ANALYSIS = YES;
				CLANG_WARN_STRICT_PROTOTYPES = YES;
				CLANG_WARN_UNGUARDED_AVAILABILITY = YES_AGGRESSIVE;
				CODE_SIGN_STYLE = Automatic;
				GCC_C_LANGUAGE_STANDARD = gnu11;
				MACOSX_DEPLOYMENT_TARGET = 10.13;
				PRODUCT_NAME = "$(TARGET_NAME)";
			};
			name = Release;
		};
		B892056A1FA22F870051B1E5 /* Debug */ = {
			isa = XCBuildConfiguration;
			buildSettings = {
				CLANG_CXX_LANGUAGE_STANDARD = "gnu++14";
				CLANG_WARN_BLOCK_CAPTURE_AUTORELEASING = YES;
				CLANG_WARN_COMMA = YES;
				CLANG_WARN_NON_LITERAL_NULL_CONVERSION = YES;
				CLANG_WARN_OBJC_LITERAL_CONVERSION = YES;
				CLANG_WARN_RANGE_LOOP_ANALYSIS = YES;
				CLANG_WARN_STRICT_PROTOTYPES = YES;
				CLANG_WARN_UNGUARDED_AVAILABILITY = YES_AGGRESSIVE;
				CODE_SIGN_STYLE = Automatic;
				GCC_C_LANGUAGE_STANDARD = gnu11;
				MACOSX_DEPLOYMENT_TARGET = 10.13;
				PRODUCT_NAME = "$(TARGET_NAME)";
			};
			name = Debug;
		};
		B892056B1FA22F870051B1E5 /* Release */ = {
			isa = XCBuildConfiguration;
			buildSettings = {
				CLANG_CXX_LANGUAGE_STANDARD = "gnu++14";
				CLANG_WARN_BLOCK_CAPTURE_AUTORELEASING = YES;
				CLANG_WARN_COMMA = YES;
				CLANG_WARN_NON_LITERAL_NULL_CONVERSION = YES;
				CLANG_WARN_OBJC_LITERAL_CONVERSION = YES;
				CLANG_WARN_RANGE_LOOP_ANALYSIS = YES;
				CLANG_WARN_STRICT_PROTOTYPES = YES;
				CLANG_WARN_UNGUARDED_AVAILABILITY = YES_AGGRESSIVE;
				CODE_SIGN_STYLE = Automatic;
				GCC_C_LANGUAGE_STANDARD = gnu11;
				MACOSX_DEPLOYMENT_TARGET = 10.13;
				PRODUCT_NAME = "$(TARGET_NAME)";
			};
			name = Release;
		};
		B89205751FA23C140051B1E5 /* Debug */ = {
			isa = XCBuildConfiguration;
			buildSettings = {
				CLANG_CXX_LANGUAGE_STANDARD = "gnu++14";
				CLANG_WARN_BLOCK_CAPTURE_AUTORELEASING = YES;
				CLANG_WARN_COMMA = YES;
				CLANG_WARN_NON_LITERAL_NULL_CONVERSION = YES;
				CLANG_WARN_OBJC_LITERAL_CONVERSION = YES;
				CLANG_WARN_RANGE_LOOP_ANALYSIS = YES;
				CLANG_WARN_STRICT_PROTOTYPES = YES;
				CLANG_WARN_UNGUARDED_AVAILABILITY = YES_AGGRESSIVE;
				CODE_SIGN_STYLE = Automatic;
				GCC_C_LANGUAGE_STANDARD = gnu11;
				MACOSX_DEPLOYMENT_TARGET = 10.13;
				PRODUCT_NAME = "$(TARGET_NAME)";
			};
			name = Debug;
		};
		B89205761FA23C140051B1E5 /* Release */ = {
			isa = XCBuildConfiguration;
			buildSettings = {
				CLANG_CXX_LANGUAGE_STANDARD = "gnu++14";
				CLANG_WARN_BLOCK_CAPTURE_AUTORELEASING = YES;
				CLANG_WARN_COMMA = YES;
				CLANG_WARN_NON_LITERAL_NULL_CONVERSION = YES;
				CLANG_WARN_OBJC_LITERAL_CONVERSION = YES;
				CLANG_WARN_RANGE_LOOP_ANALYSIS = YES;
				CLANG_WARN_STRICT_PROTOTYPES = YES;
				CLANG_WARN_UNGUARDED_AVAILABILITY = YES_AGGRESSIVE;
				CODE_SIGN_STYLE = Automatic;
				GCC_C_LANGUAGE_STANDARD = gnu11;
				MACOSX_DEPLOYMENT_TARGET = 10.13;
				PRODUCT_NAME = "$(TARGET_NAME)";
			};
			name = Release;
		};
		B8A912AB1FCDB2090069D7EB /* Debug */ = {
			isa = XCBuildConfiguration;
			buildSettings = {
				CLANG_CXX_LANGUAGE_STANDARD = "gnu++14";
				CLANG_WARN_BLOCK_CAPTURE_AUTORELEASING = YES;
				CLANG_WARN_COMMA = YES;
				CLANG_WARN_NON_LITERAL_NULL_CONVERSION = YES;
				CLANG_WARN_OBJC_LITERAL_CONVERSION = YES;
				CLANG_WARN_RANGE_LOOP_ANALYSIS = YES;
				CLANG_WARN_STRICT_PROTOTYPES = YES;
				CLANG_WARN_UNGUARDED_AVAILABILITY = YES_AGGRESSIVE;
				CODE_SIGN_STYLE = Automatic;
				GCC_C_LANGUAGE_STANDARD = gnu11;
				MACOSX_DEPLOYMENT_TARGET = 10.13;
				PRODUCT_NAME = "$(TARGET_NAME)";
			};
			name = Debug;
		};
		B8A912AC1FCDB2090069D7EB /* Release */ = {
			isa = XCBuildConfiguration;
			buildSettings = {
				CLANG_CXX_LANGUAGE_STANDARD = "gnu++14";
				CLANG_WARN_BLOCK_CAPTURE_AUTORELEASING = YES;
				CLANG_WARN_COMMA = YES;
				CLANG_WARN_NON_LITERAL_NULL_CONVERSION = YES;
				CLANG_WARN_OBJC_LITERAL_CONVERSION = YES;
				CLANG_WARN_RANGE_LOOP_ANALYSIS = YES;
				CLANG_WARN_STRICT_PROTOTYPES = YES;
				CLANG_WARN_UNGUARDED_AVAILABILITY = YES_AGGRESSIVE;
				CODE_SIGN_STYLE = Automatic;
				GCC_C_LANGUAGE_STANDARD = gnu11;
				MACOSX_DEPLOYMENT_TARGET = 10.13;
				PRODUCT_NAME = "$(TARGET_NAME)";
			};
			name = Release;
		};
		B8CD14FC1FB3621C0058B1D0 /* Debug */ = {
			isa = XCBuildConfiguration;
			buildSettings = {
				CLANG_CXX_LANGUAGE_STANDARD = "gnu++14";
				CLANG_WARN_BLOCK_CAPTURE_AUTORELEASING = YES;
				CLANG_WARN_COMMA = YES;
				CLANG_WARN_NON_LITERAL_NULL_CONVERSION = YES;
				CLANG_WARN_OBJC_LITERAL_CONVERSION = YES;
				CLANG_WARN_RANGE_LOOP_ANALYSIS = YES;
				CLANG_WARN_STRICT_PROTOTYPES = YES;
				CLANG_WARN_UNGUARDED_AVAILABILITY = YES_AGGRESSIVE;
				CODE_SIGN_STYLE = Automatic;
				GCC_C_LANGUAGE_STANDARD = gnu11;
				MACOSX_DEPLOYMENT_TARGET = 10.13;
				PRODUCT_NAME = "$(TARGET_NAME)";
				SWIFT_ACTIVE_COMPILATION_CONDITIONS = DEBUG;
				SWIFT_OPTIMIZATION_LEVEL = "-Onone";
				SWIFT_VERSION = 4.0;
			};
			name = Debug;
		};
		B8CD14FD1FB3621C0058B1D0 /* Release */ = {
			isa = XCBuildConfiguration;
			buildSettings = {
				CLANG_CXX_LANGUAGE_STANDARD = "gnu++14";
				CLANG_WARN_BLOCK_CAPTURE_AUTORELEASING = YES;
				CLANG_WARN_COMMA = YES;
				CLANG_WARN_NON_LITERAL_NULL_CONVERSION = YES;
				CLANG_WARN_OBJC_LITERAL_CONVERSION = YES;
				CLANG_WARN_RANGE_LOOP_ANALYSIS = YES;
				CLANG_WARN_STRICT_PROTOTYPES = YES;
				CLANG_WARN_UNGUARDED_AVAILABILITY = YES_AGGRESSIVE;
				CODE_SIGN_STYLE = Automatic;
				GCC_C_LANGUAGE_STANDARD = gnu11;
				MACOSX_DEPLOYMENT_TARGET = 10.13;
				PRODUCT_NAME = "$(TARGET_NAME)";
				SWIFT_OPTIMIZATION_LEVEL = "-Owholemodule";
				SWIFT_VERSION = 4.0;
			};
			name = Release;
		};
		B8CD15081FB362520058B1D0 /* Debug */ = {
			isa = XCBuildConfiguration;
			buildSettings = {
				CLANG_CXX_LANGUAGE_STANDARD = "gnu++14";
				CLANG_WARN_BLOCK_CAPTURE_AUTORELEASING = YES;
				CLANG_WARN_COMMA = YES;
				CLANG_WARN_NON_LITERAL_NULL_CONVERSION = YES;
				CLANG_WARN_OBJC_LITERAL_CONVERSION = YES;
				CLANG_WARN_RANGE_LOOP_ANALYSIS = YES;
				CLANG_WARN_STRICT_PROTOTYPES = YES;
				CLANG_WARN_UNGUARDED_AVAILABILITY = YES_AGGRESSIVE;
				CODE_SIGN_STYLE = Automatic;
				GCC_C_LANGUAGE_STANDARD = gnu11;
				MACOSX_DEPLOYMENT_TARGET = 10.13;
				PRODUCT_NAME = "$(TARGET_NAME)";
			};
			name = Debug;
		};
		B8CD15091FB362520058B1D0 /* Release */ = {
			isa = XCBuildConfiguration;
			buildSettings = {
				CLANG_CXX_LANGUAGE_STANDARD = "gnu++14";
				CLANG_WARN_BLOCK_CAPTURE_AUTORELEASING = YES;
				CLANG_WARN_COMMA = YES;
				CLANG_WARN_NON_LITERAL_NULL_CONVERSION = YES;
				CLANG_WARN_OBJC_LITERAL_CONVERSION = YES;
				CLANG_WARN_RANGE_LOOP_ANALYSIS = YES;
				CLANG_WARN_STRICT_PROTOTYPES = YES;
				CLANG_WARN_UNGUARDED_AVAILABILITY = YES_AGGRESSIVE;
				CODE_SIGN_STYLE = Automatic;
				GCC_C_LANGUAGE_STANDARD = gnu11;
				MACOSX_DEPLOYMENT_TARGET = 10.13;
				PRODUCT_NAME = "$(TARGET_NAME)";
			};
			name = Release;
		};
/* End XCBuildConfiguration section */

/* Begin XCConfigurationList section */
		B810C67A1EDF2028007F7EFE /* Build configuration list for PBXProject "QueueModel" */ = {
			isa = XCConfigurationList;
			buildConfigurations = (
				B810C6841EDF2028007F7EFE /* Debug */,
				B810C6851EDF2028007F7EFE /* Release */,
			);
			defaultConfigurationIsVisible = 0;
			defaultConfigurationName = Release;
		};
		B810C6861EDF2028007F7EFE /* Build configuration list for PBXNativeTarget "QueueModel" */ = {
			isa = XCConfigurationList;
			buildConfigurations = (
				B810C6871EDF2028007F7EFE /* Debug */,
				B810C6881EDF2028007F7EFE /* Release */,
			);
			defaultConfigurationIsVisible = 0;
			defaultConfigurationName = Release;
		};
		B82958A2219DCB5000FC4D4A /* Build configuration list for PBXNativeTarget "BaseFundation" */ = {
			isa = XCConfigurationList;
			buildConfigurations = (
				B82958A0219DCB5000FC4D4A /* Debug */,
				B82958A1219DCB5000FC4D4A /* Release */,
			);
			defaultConfigurationIsVisible = 0;
			defaultConfigurationName = Release;
		};
		B82958AB219DCB7600FC4D4A /* Build configuration list for PBXNativeTarget "BaseFrameWork" */ = {
			isa = XCConfigurationList;
			buildConfigurations = (
				B82958AC219DCB7600FC4D4A /* Debug */,
				B82958AD219DCB7600FC4D4A /* Release */,
			);
			defaultConfigurationIsVisible = 0;
			defaultConfigurationName = Release;
		};
		B83D2F21212B19AB0059E99D /* Build configuration list for PBXNativeTarget "AVFifoBuffer" */ = {
			isa = XCConfigurationList;
			buildConfigurations = (
				B83D2F1F212B19AB0059E99D /* Debug */,
				B83D2F20212B19AB0059E99D /* Release */,
			);
			defaultConfigurationIsVisible = 0;
			defaultConfigurationName = Release;
		};
		B85731781EF66878005F2C45 /* Build configuration list for PBXNativeTarget "LinkListMode" */ = {
			isa = XCConfigurationList;
			buildConfigurations = (
				B85731761EF66878005F2C45 /* Debug */,
				B85731771EF66878005F2C45 /* Release */,
			);
			defaultConfigurationIsVisible = 0;
			defaultConfigurationName = Release;
		};
		B86927B7210CB0BE0066C2CF /* Build configuration list for PBXNativeTarget "memblock" */ = {
			isa = XCConfigurationList;
			buildConfigurations = (
				B86927B5210CB0BE0066C2CF /* Debug */,
				B86927B6210CB0BE0066C2CF /* Release */,
			);
			defaultConfigurationIsVisible = 0;
			defaultConfigurationName = Release;
		};
		B89205601FA2241B0051B1E5 /* Build configuration list for PBXNativeTarget "IPC_msgq" */ = {
			isa = XCConfigurationList;
			buildConfigurations = (
				B892055E1FA2241B0051B1E5 /* Debug */,
				B892055F1FA2241B0051B1E5 /* Release */,
			);
			defaultConfigurationIsVisible = 0;
			defaultConfigurationName = Release;
		};
		B89205691FA22F870051B1E5 /* Build configuration list for PBXNativeTarget "IPC_msgq_client" */ = {
			isa = XCConfigurationList;
			buildConfigurations = (
				B892056A1FA22F870051B1E5 /* Debug */,
				B892056B1FA22F870051B1E5 /* Release */,
			);
			defaultConfigurationIsVisible = 0;
			defaultConfigurationName = Release;
		};
		B89205741FA23C140051B1E5 /* Build configuration list for PBXNativeTarget "IPC_Semaphore" */ = {
			isa = XCConfigurationList;
			buildConfigurations = (
				B89205751FA23C140051B1E5 /* Debug */,
				B89205761FA23C140051B1E5 /* Release */,
			);
			defaultConfigurationIsVisible = 0;
			defaultConfigurationName = Release;
		};
		B8A912AD1FCDB2090069D7EB /* Build configuration list for PBXNativeTarget "RingBuffer" */ = {
			isa = XCConfigurationList;
			buildConfigurations = (
				B8A912AB1FCDB2090069D7EB /* Debug */,
				B8A912AC1FCDB2090069D7EB /* Release */,
			);
			defaultConfigurationIsVisible = 0;
			defaultConfigurationName = Release;
		};
		B8CD14FE1FB3621C0058B1D0 /* Build configuration list for PBXNativeTarget "IPC_ShareMemory" */ = {
			isa = XCConfigurationList;
			buildConfigurations = (
				B8CD14FC1FB3621C0058B1D0 /* Debug */,
				B8CD14FD1FB3621C0058B1D0 /* Release */,
			);
			defaultConfigurationIsVisible = 0;
			defaultConfigurationName = Release;
		};
		B8CD15071FB362520058B1D0 /* Build configuration list for PBXNativeTarget "IPC_shareMemory" */ = {
			isa = XCConfigurationList;
			buildConfigurations = (
				B8CD15081FB362520058B1D0 /* Debug */,
				B8CD15091FB362520058B1D0 /* Release */,
			);
			defaultConfigurationIsVisible = 0;
			defaultConfigurationName = Release;
		};
/* End XCConfigurationList section */
	};
	rootObject = B810C6771EDF2028007F7EFE /* Project object */;
}
